// !$*UTF8*$!
{
	archiveVersion = 1;
	classes = {
	};
	objectVersion = 48;
	objects = {

/* Begin PBXBuildFile section */
		70CD9EBAF88DCEFC6C6967FF /* Pods_WeatherGift.framework in Frameworks */ = {isa = PBXBuildFile; fileRef = CF6F9BB97B7A3A756317094D /* Pods_WeatherGift.framework */; };
		BF1767281FA8FAE400815798 /* DayWeatherCell.swift in Sources */ = {isa = PBXBuildFile; fileRef = BF1767271FA8FAE400815798 /* DayWeatherCell.swift */; };
		BF52ED401FB243FF00FAD25E /* TimeInterval+format.swift in Sources */ = {isa = PBXBuildFile; fileRef = BF52ED3F1FB243FF00FAD25E /* TimeInterval+format.swift */; };
		BF52ED421FB24CEE00FAD25E /* HourlyWeatherCell.swift in Sources */ = {isa = PBXBuildFile; fileRef = BF52ED411FB24CEE00FAD25E /* HourlyWeatherCell.swift */; };
		BF52ED441FB2563C00FAD25E /* WeatherUserDefault.swift in Sources */ = {isa = PBXBuildFile; fileRef = BF52ED431FB2563C00FAD25E /* WeatherUserDefault.swift */; };
		BF826AC21F9FBD8B005CC7F2 /* WeatherLocation.swift in Sources */ = {isa = PBXBuildFile; fileRef = BF826AC11F9FBD8B005CC7F2 /* WeatherLocation.swift */; };
		BF826AC41F9FDB38005CC7F2 /* Constants.swift in Sources */ = {isa = PBXBuildFile; fileRef = BF826AC31F9FDB38005CC7F2 /* Constants.swift */; };
		BF8280861F966A7F00BA32D9 /* AppDelegate.swift in Sources */ = {isa = PBXBuildFile; fileRef = BF8280851F966A7F00BA32D9 /* AppDelegate.swift */; };
		BF82808D1F966A7F00BA32D9 /* Assets.xcassets in Resources */ = {isa = PBXBuildFile; fileRef = BF82808C1F966A7F00BA32D9 /* Assets.xcassets */; };
		BF8280901F966A7F00BA32D9 /* LaunchScreen.storyboard in Resources */ = {isa = PBXBuildFile; fileRef = BF82808E1F966A7F00BA32D9 /* LaunchScreen.storyboard */; };
		BF8280981F966D5000BA32D9 /* DetailVC.swift in Sources */ = {isa = PBXBuildFile; fileRef = BF8280971F966D5000BA32D9 /* DetailVC.swift */; };
		BF82809A1F9670B100BA32D9 /* ListVC.swift in Sources */ = {isa = PBXBuildFile; fileRef = BF8280991F9670B100BA32D9 /* ListVC.swift */; };
		BF9884291F96745200704851 /* PageVC.swift in Sources */ = {isa = PBXBuildFile; fileRef = BF9884281F96745200704851 /* PageVC.swift */; };
		BFF0A1F41F9672850079587A /* Main.storyboard in Resources */ = {isa = PBXBuildFile; fileRef = BFF0A1F31F9672850079587A /* Main.storyboard */; };
/* End PBXBuildFile section */

/* Begin PBXFileReference section */
		17D4E68DC26BE41D89B93CDB /* Pods-WeatherGift.release.xcconfig */ = {isa = PBXFileReference; includeInIndex = 1; lastKnownFileType = text.xcconfig; name = "Pods-WeatherGift.release.xcconfig"; path = "Pods/Target Support Files/Pods-WeatherGift/Pods-WeatherGift.release.xcconfig"; sourceTree = "<group>"; };
		1C1453A5B1B5C645635FFC7A /* Pods-WeatherGift.debug.xcconfig */ = {isa = PBXFileReference; includeInIndex = 1; lastKnownFileType = text.xcconfig; name = "Pods-WeatherGift.debug.xcconfig"; path = "Pods/Target Support Files/Pods-WeatherGift/Pods-WeatherGift.debug.xcconfig"; sourceTree = "<group>"; };
		BF1767271FA8FAE400815798 /* DayWeatherCell.swift */ = {isa = PBXFileReference; lastKnownFileType = sourcecode.swift; path = DayWeatherCell.swift; sourceTree = "<group>"; };
		BF2916811F9FB2AA00A3B451 /* Podfile */ = {isa = PBXFileReference; lastKnownFileType = text; path = Podfile; sourceTree = "<group>"; xcLanguageSpecificationIdentifier = xcode.lang.ruby; };
		BF52ED3F1FB243FF00FAD25E /* TimeInterval+format.swift */ = {isa = PBXFileReference; lastKnownFileType = sourcecode.swift; path = "TimeInterval+format.swift"; sourceTree = "<group>"; };
		BF52ED411FB24CEE00FAD25E /* HourlyWeatherCell.swift */ = {isa = PBXFileReference; lastKnownFileType = sourcecode.swift; path = HourlyWeatherCell.swift; sourceTree = "<group>"; };
		BF52ED431FB2563C00FAD25E /* WeatherUserDefault.swift */ = {isa = PBXFileReference; lastKnownFileType = sourcecode.swift; path = WeatherUserDefault.swift; sourceTree = "<group>"; };
		BF826AC11F9FBD8B005CC7F2 /* WeatherLocation.swift */ = {isa = PBXFileReference; lastKnownFileType = sourcecode.swift; path = WeatherLocation.swift; sourceTree = "<group>"; };
		BF826AC31F9FDB38005CC7F2 /* Constants.swift */ = {isa = PBXFileReference; lastKnownFileType = sourcecode.swift; path = Constants.swift; sourceTree = "<group>"; };
		BF8280821F966A7F00BA32D9 /* WeatherGift.app */ = {isa = PBXFileReference; explicitFileType = wrapper.application; includeInIndex = 0; path = WeatherGift.app; sourceTree = BUILT_PRODUCTS_DIR; };
		BF8280851F966A7F00BA32D9 /* AppDelegate.swift */ = {isa = PBXFileReference; lastKnownFileType = sourcecode.swift; path = AppDelegate.swift; sourceTree = "<group>"; };
		BF82808C1F966A7F00BA32D9 /* Assets.xcassets */ = {isa = PBXFileReference; lastKnownFileType = folder.assetcatalog; path = Assets.xcassets; sourceTree = "<group>"; };
		BF82808F1F966A7F00BA32D9 /* Base */ = {isa = PBXFileReference; lastKnownFileType = file.storyboard; name = Base; path = Base.lproj/LaunchScreen.storyboard; sourceTree = "<group>"; };
		BF8280911F966A7F00BA32D9 /* Info.plist */ = {isa = PBXFileReference; lastKnownFileType = text.plist.xml; path = Info.plist; sourceTree = "<group>"; };
		BF8280971F966D5000BA32D9 /* DetailVC.swift */ = {isa = PBXFileReference; lastKnownFileType = sourcecode.swift; path = DetailVC.swift; sourceTree = "<group>"; };
		BF8280991F9670B100BA32D9 /* ListVC.swift */ = {isa = PBXFileReference; lastKnownFileType = sourcecode.swift; path = ListVC.swift; sourceTree = "<group>"; };
		BF9884281F96745200704851 /* PageVC.swift */ = {isa = PBXFileReference; lastKnownFileType = sourcecode.swift; path = PageVC.swift; sourceTree = "<group>"; };
		BFF0A1F31F9672850079587A /* Main.storyboard */ = {isa = PBXFileReference; lastKnownFileType = file.storyboard; path = Main.storyboard; sourceTree = "<group>"; };
		CF6F9BB97B7A3A756317094D /* Pods_WeatherGift.framework */ = {isa = PBXFileReference; explicitFileType = wrapper.framework; includeInIndex = 0; path = Pods_WeatherGift.framework; sourceTree = BUILT_PRODUCTS_DIR; };
/* End PBXFileReference section */

/* Begin PBXFrameworksBuildPhase section */
		BF82807F1F966A7F00BA32D9 /* Frameworks */ = {
			isa = PBXFrameworksBuildPhase;
			buildActionMask = 2147483647;
			files = (
				70CD9EBAF88DCEFC6C6967FF /* Pods_WeatherGift.framework in Frameworks */,
			);
			runOnlyForDeploymentPostprocessing = 0;
		};
/* End PBXFrameworksBuildPhase section */

/* Begin PBXGroup section */
		BC73883A488C38138F2BB139 /* Frameworks */ = {
			isa = PBXGroup;
			children = (
				CF6F9BB97B7A3A756317094D /* Pods_WeatherGift.framework */,
			);
			name = Frameworks;
			sourceTree = "<group>";
		};
		BF8280791F966A7F00BA32D9 = {
			isa = PBXGroup;
			children = (
				BF8280841F966A7F00BA32D9 /* WeatherGift */,
				BF8280831F966A7F00BA32D9 /* Products */,
				BF2916811F9FB2AA00A3B451 /* Podfile */,
				C79493F59BB69AE06162A83A /* Pods */,
				BC73883A488C38138F2BB139 /* Frameworks */,
			);
			sourceTree = "<group>";
		};
		BF8280831F966A7F00BA32D9 /* Products */ = {
			isa = PBXGroup;
			children = (
				BF8280821F966A7F00BA32D9 /* WeatherGift.app */,
			);
			name = Products;
			sourceTree = "<group>";
		};
		BF8280841F966A7F00BA32D9 /* WeatherGift */ = {
			isa = PBXGroup;
			children = (
				BF8280851F966A7F00BA32D9 /* AppDelegate.swift */,
				BF826AC11F9FBD8B005CC7F2 /* WeatherLocation.swift */,
				BF9884281F96745200704851 /* PageVC.swift */,
				BF8280971F966D5000BA32D9 /* DetailVC.swift */,
				BF52ED431FB2563C00FAD25E /* WeatherUserDefault.swift */,
				BF52ED411FB24CEE00FAD25E /* HourlyWeatherCell.swift */,
				BF1767271FA8FAE400815798 /* DayWeatherCell.swift */,
				BF8280991F9670B100BA32D9 /* ListVC.swift */,
				BF826AC31F9FDB38005CC7F2 /* Constants.swift */,
				BF52ED3F1FB243FF00FAD25E /* TimeInterval+format.swift */,
				BF82808C1F966A7F00BA32D9 /* Assets.xcassets */,
				BFF0A1F31F9672850079587A /* Main.storyboard */,
				BF82808E1F966A7F00BA32D9 /* LaunchScreen.storyboard */,
				BF8280911F966A7F00BA32D9 /* Info.plist */,
			);
			path = WeatherGift;
			sourceTree = "<group>";
		};
		C79493F59BB69AE06162A83A /* Pods */ = {
			isa = PBXGroup;
			children = (
				1C1453A5B1B5C645635FFC7A /* Pods-WeatherGift.debug.xcconfig */,
				17D4E68DC26BE41D89B93CDB /* Pods-WeatherGift.release.xcconfig */,
			);
			name = Pods;
			sourceTree = "<group>";
		};
/* End PBXGroup section */

/* Begin PBXNativeTarget section */
		BF8280811F966A7F00BA32D9 /* WeatherGift */ = {
			isa = PBXNativeTarget;
			buildConfigurationList = BF8280941F966A7F00BA32D9 /* Build configuration list for PBXNativeTarget "WeatherGift" */;
			buildPhases = (
				0B5B7EF46AA10C3D7D23CAE8 /* [CP] Check Pods Manifest.lock */,
				BF82807E1F966A7F00BA32D9 /* Sources */,
				BF82807F1F966A7F00BA32D9 /* Frameworks */,
				BF8280801F966A7F00BA32D9 /* Resources */,
				A042F2B643F88A9E305F6AE9 /* [CP] Embed Pods Frameworks */,
				785E2816BEBDF4985874775E /* [CP] Copy Pods Resources */,
			);
			buildRules = (
			);
			dependencies = (
			);
			name = WeatherGift;
			productName = WeatherGift;
			productReference = BF8280821F966A7F00BA32D9 /* WeatherGift.app */;
			productType = "com.apple.product-type.application";
		};
/* End PBXNativeTarget section */

/* Begin PBXProject section */
		BF82807A1F966A7F00BA32D9 /* Project object */ = {
			isa = PBXProject;
			attributes = {
				LastSwiftUpdateCheck = 0900;
				LastUpgradeCheck = 0900;
				ORGANIZATIONNAME = Synestha;
				TargetAttributes = {
					BF8280811F966A7F00BA32D9 = {
						CreatedOnToolsVersion = 9.0;
						ProvisioningStyle = Automatic;
					};
				};
			};
			buildConfigurationList = BF82807D1F966A7F00BA32D9 /* Build configuration list for PBXProject "WeatherGift" */;
			compatibilityVersion = "Xcode 8.0";
			developmentRegion = en;
			hasScannedForEncodings = 0;
			knownRegions = (
				en,
				Base,
			);
			mainGroup = BF8280791F966A7F00BA32D9;
			productRefGroup = BF8280831F966A7F00BA32D9 /* Products */;
			projectDirPath = "";
			projectRoot = "";
			targets = (
				BF8280811F966A7F00BA32D9 /* WeatherGift */,
			);
		};
/* End PBXProject section */

/* Begin PBXResourcesBuildPhase section */
		BF8280801F966A7F00BA32D9 /* Resources */ = {
			isa = PBXResourcesBuildPhase;
			buildActionMask = 2147483647;
			files = (
				BFF0A1F41F9672850079587A /* Main.storyboard in Resources */,
				BF8280901F966A7F00BA32D9 /* LaunchScreen.storyboard in Resources */,
				BF82808D1F966A7F00BA32D9 /* Assets.xcassets in Resources */,
			);
			runOnlyForDeploymentPostprocessing = 0;
		};
/* End PBXResourcesBuildPhase section */

/* Begin PBXShellScriptBuildPhase section */
		0B5B7EF46AA10C3D7D23CAE8 /* [CP] Check Pods Manifest.lock */ = {
			isa = PBXShellScriptBuildPhase;
			buildActionMask = 2147483647;
			files = (
			);
			inputPaths = (
			);
			name = "[CP] Check Pods Manifest.lock";
			outputPaths = (
			);
			runOnlyForDeploymentPostprocessing = 0;
			shellPath = /bin/sh;
			shellScript = "diff \"${PODS_PODFILE_DIR_PATH}/Podfile.lock\" \"${PODS_ROOT}/Manifest.lock\" > /dev/null\nif [ $? != 0 ] ; then\n    # print error to STDERR\n    echo \"error: The sandbox is not in sync with the Podfile.lock. Run 'pod install' or update your CocoaPods installation.\" >&2\n    exit 1\nfi\n";
			showEnvVarsInLog = 0;
		};
		785E2816BEBDF4985874775E /* [CP] Copy Pods Resources */ = {
			isa = PBXShellScriptBuildPhase;
			buildActionMask = 2147483647;
			files = (
			);
			inputPaths = (
			);
			name = "[CP] Copy Pods Resources";
			outputPaths = (
			);
			runOnlyForDeploymentPostprocessing = 0;
			shellPath = /bin/sh;
			shellScript = "\"${SRCROOT}/Pods/Target Support Files/Pods-WeatherGift/Pods-WeatherGift-resources.sh\"\n";
			showEnvVarsInLog = 0;
		};
		A042F2B643F88A9E305F6AE9 /* [CP] Embed Pods Frameworks */ = {
			isa = PBXShellScriptBuildPhase;
			buildActionMask = 2147483647;
			files = (
			);
			inputPaths = (
			);
			name = "[CP] Embed Pods Frameworks";
			outputPaths = (
			);
			runOnlyForDeploymentPostprocessing = 0;
			shellPath = /bin/sh;
			shellScript = "\"${SRCROOT}/Pods/Target Support Files/Pods-WeatherGift/Pods-WeatherGift-frameworks.sh\"\n";
			showEnvVarsInLog = 0;
		};
/* End PBXShellScriptBuildPhase section */

/* Begin PBXSourcesBuildPhase section */
		BF82807E1F966A7F00BA32D9 /* Sources */ = {
			isa = PBXSourcesBuildPhase;
			buildActionMask = 2147483647;
			files = (
				BF1767281FA8FAE400815798 /* DayWeatherCell.swift in Sources */,
				BF52ED421FB24CEE00FAD25E /* HourlyWeatherCell.swift in Sources */,
				BF826AC21F9FBD8B005CC7F2 /* WeatherLocation.swift in Sources */,
				BF82809A1F9670B100BA32D9 /* ListVC.swift in Sources */,
				BF9884291F96745200704851 /* PageVC.swift in Sources */,
				BF52ED441FB2563C00FAD25E /* WeatherUserDefault.swift in Sources */,
				BF52ED401FB243FF00FAD25E /* TimeInterval+format.swift in Sources */,
				BF8280861F966A7F00BA32D9 /* AppDelegate.swift in Sources */,
				BF8280981F966D5000BA32D9 /* DetailVC.swift in Sources */,
				BF826AC41F9FDB38005CC7F2 /* Constants.swift in Sources */,
			);
			runOnlyForDeploymentPostprocessing = 0;
		};
/* End PBXSourcesBuildPhase section */

/* Begin PBXVariantGroup section */
		BF82808E1F966A7F00BA32D9 /* LaunchScreen.storyboard */ = {
			isa = PBXVariantGroup;
			children = (
				BF82808F1F966A7F00BA32D9 /* Base */,
			);
			name = LaunchScreen.storyboard;
			sourceTree = "<group>";
		};
/* End PBXVariantGroup section */

/* Begin XCBuildConfiguration section */
		BF8280921F966A7F00BA32D9 /* Debug */ = {
			isa = XCBuildConfiguration;
			buildSettings = {
				ALWAYS_SEARCH_USER_PATHS = NO;
				CLANG_ANALYZER_NONNULL = YES;
				CLANG_ANALYZER_NUMBER_OBJECT_CONVERSION = YES_AGGRESSIVE;
				CLANG_CXX_LANGUAGE_STANDARD = "gnu++14";
				CLANG_CXX_LIBRARY = "libc++";
				CLANG_ENABLE_MODULES = YES;
				CLANG_ENABLE_OBJC_ARC = YES;
				CLANG_WARN_BLOCK_CAPTURE_AUTORELEASING = YES;
				CLANG_WARN_BOOL_CONVERSION = YES;
				CLANG_WARN_COMMA = YES;
				CLANG_WARN_CONSTANT_CONVERSION = YES;
				CLANG_WARN_DIRECT_OBJC_ISA_USAGE = YES_ERROR;
				CLANG_WARN_DOCUMENTATION_COMMENTS = YES;
				CLANG_WARN_EMPTY_BODY = YES;
				CLANG_WARN_ENUM_CONVERSION = YES;
				CLANG_WARN_INFINITE_RECURSION = YES;
				CLANG_WARN_INT_CONVERSION = YES;
				CLANG_WARN_NON_LITERAL_NULL_CONVERSION = YES;
				CLANG_WARN_OBJC_LITERAL_CONVERSION = YES;
				CLANG_WARN_OBJC_ROOT_CLASS = YES_ERROR;
				CLANG_WARN_RANGE_LOOP_ANALYSIS = YES;
				CLANG_WARN_STRICT_PROTOTYPES = YES;
				CLANG_WARN_SUSPICIOUS_MOVE = YES;
				CLANG_WARN_UNGUARDED_AVAILABILITY = YES_AGGRESSIVE;
				CLANG_WARN_UNREACHABLE_CODE = YES;
				CLANG_WARN__DUPLICATE_METHOD_MATCH = YES;
				CODE_SIGN_IDENTITY = "iPhone Developer";
				COPY_PHASE_STRIP = NO;
				DEBUG_INFORMATION_FORMAT = dwarf;
				ENABLE_STRICT_OBJC_MSGSEND = YES;
				ENABLE_TESTABILITY = YES;
				GCC_C_LANGUAGE_STANDARD = gnu11;
				GCC_DYNAMIC_NO_PIC = NO;
				GCC_NO_COMMON_BLOCKS = YES;
				GCC_OPTIMIZATION_LEVEL = 0;
				GCC_PREPROCESSOR_DEFINITIONS = (
					"DEBUG=1",
					"$(inherited)",
				);
				GCC_WARN_64_TO_32_BIT_CONVERSION = YES;
				GCC_WARN_ABOUT_RETURN_TYPE = YES_ERROR;
				GCC_WARN_UNDECLARED_SELECTOR = YES;
				GCC_WARN_UNINITIALIZED_AUTOS = YES_AGGRESSIVE;
				GCC_WARN_UNUSED_FUNCTION = YES;
				GCC_WARN_UNUSED_VARIABLE = YES;
				IPHONEOS_DEPLOYMENT_TARGET = 11.0;
				MTL_ENABLE_DEBUG_INFO = YES;
				ONLY_ACTIVE_ARCH = YES;
				SDKROOT = iphoneos;
				SWIFT_ACTIVE_COMPILATION_CONDITIONS = DEBUG;
				SWIFT_OPTIMIZATION_LEVEL = "-Onone";
			};
			name = Debug;
		};
		BF8280931F966A7F00BA32D9 /* Release */ = {
			isa = XCBuildConfiguration;
			buildSettings = {
				ALWAYS_SEARCH_USER_PATHS = NO;
				CLANG_ANALYZER_NONNULL = YES;
				CLANG_ANALYZER_NUMBER_OBJECT_CONVERSION = YES_AGGRESSIVE;
				CLANG_CXX_LANGUAGE_STANDARD = "gnu++14";
				CLANG_CXX_LIBRARY = "libc++";
				CLANG_ENABLE_MODULES = YES;
				CLANG_ENABLE_OBJC_ARC = YES;
				CLANG_WARN_BLOCK_CAPTURE_AUTORELEASING = YES;
				CLANG_WARN_BOOL_CONVERSION = YES;
				CLANG_WARN_COMMA = YES;
				CLANG_WARN_CONSTANT_CONVERSION = YES;
				CLANG_WARN_DIRECT_OBJC_ISA_USAGE = YES_ERROR;
				CLANG_WARN_DOCUMENTATION_COMMENTS = YES;
				CLANG_WARN_EMPTY_BODY = YES;
				CLANG_WARN_ENUM_CONVERSION = YES;
				CLANG_WARN_INFINITE_RECURSION = YES;
				CLANG_WARN_INT_CONVERSION = YES;
				CLANG_WARN_NON_LITERAL_NULL_CONVERSION = YES;
				CLANG_WARN_OBJC_LITERAL_CONVERSION = YES;
				CLANG_WARN_OBJC_ROOT_CLASS = YES_ERROR;
				CLANG_WARN_RANGE_LOOP_ANALYSIS = YES;
				CLANG_WARN_STRICT_PROTOTYPES = YES;
				CLANG_WARN_SUSPICIOUS_MOVE = YES;
				CLANG_WARN_UNGUARDED_AVAILABILITY = YES_AGGRESSIVE;
				CLANG_WARN_UNREACHABLE_CODE = YES;
				CLANG_WARN__DUPLICATE_METHOD_MATCH = YES;
				CODE_SIGN_IDENTITY = "iPhone Developer";
				COPY_PHASE_STRIP = NO;
				DEBUG_INFORMATION_FORMAT = "dwarf-with-dsym";
				ENABLE_NS_ASSERTIONS = NO;
				ENABLE_STRICT_OBJC_MSGSEND = YES;
				GCC_C_LANGUAGE_STANDARD = gnu11;
				GCC_NO_COMMON_BLOCKS = YES;
				GCC_WARN_64_TO_32_BIT_CONVERSION = YES;
				GCC_WARN_ABOUT_RETURN_TYPE = YES_ERROR;
				GCC_WARN_UNDECLARED_SELECTOR = YES;
				GCC_WARN_UNINITIALIZED_AUTOS = YES_AGGRESSIVE;
				GCC_WARN_UNUSED_FUNCTION = YES;
				GCC_WARN_UNUSED_VARIABLE = YES;
				IPHONEOS_DEPLOYMENT_TARGET = 11.0;
				MTL_ENABLE_DEBUG_INFO = NO;
				SDKROOT = iphoneos;
				SWIFT_OPTIMIZATION_LEVEL = "-Owholemodule";
				VALIDATE_PRODUCT = YES;
			};
			name = Release;
		};
		BF8280951F966A7F00BA32D9 /* Debug */ = {
			isa = XCBuildConfiguration;
			baseConfigurationReference = 1C1453A5B1B5C645635FFC7A /* Pods-WeatherGift.debug.xcconfig */;
			buildSettings = {
				ASSETCATALOG_COMPILER_APPICON_NAME = AppIcon;
				CODE_SIGN_STYLE = Automatic;
				DEVELOPMENT_TEAM = GTCC98NN7E;
				INFOPLIST_FILE = WeatherGift/Info.plist;
				LD_RUNPATH_SEARCH_PATHS = "$(inherited) @executable_path/Frameworks";
				PRODUCT_BUNDLE_IDENTIFIER = com.synestha.WeatherGift;
				PRODUCT_NAME = "$(TARGET_NAME)";
				SWIFT_VERSION = 4.0;
				TARGETED_DEVICE_FAMILY = "1,2";
			};
			name = Debug;
		};
		BF8280961F966A7F00BA32D9 /* Release */ = {
			isa = XCBuildConfiguration;
			baseConfigurationReference = 17D4E68DC26BE41D89B93CDB /* Pods-WeatherGift.release.xcconfig */;
			buildSettings = {
				ASSETCATALOG_COMPILER_APPICON_NAME = AppIcon;
				CODE_SIGN_STYLE = Automatic;
				DEVELOPMENT_TEAM = GTCC98NN7E;
				INFOPLIST_FILE = WeatherGift/Info.plist;
				LD_RUNPATH_SEARCH_PATHS = "$(inherited) @executable_path/Frameworks";
				PRODUCT_BUNDLE_IDENTIFIER = com.synestha.WeatherGift;
				PRODUCT_NAME = "$(TARGET_NAME)";
				SWIFT_VERSION = 4.0;
				TARGETED_DEVICE_FAMILY = "1,2";
			};
			name = Release;
		};
/* End XCBuildConfiguration section */

/* Begin XCConfigurationList section */
		BF82807D1F966A7F00BA32D9 /* Build configuration list for PBXProject "WeatherGift" */ = {
			isa = XCConfigurationList;
			buildConfigurations = (
				BF8280921F966A7F00BA32D9 /* Debug */,
				BF8280931F966A7F00BA32D9 /* Release */,
			);
			defaultConfigurationIsVisible = 0;
			defaultConfigurationName = Release;
		};
		BF8280941F966A7F00BA32D9 /* Build configuration list for PBXNativeTarget "WeatherGift" */ = {
			isa = XCConfigurationList;
			buildConfigurations = (
				BF8280951F966A7F00BA32D9 /* Debug */,
				BF8280961F966A7F00BA32D9 /* Release */,
			);
			defaultConfigurationIsVisible = 0;
			defaultConfigurationName = Release;
		};
/* End XCConfigurationList section */
	};
	rootObject = BF82807A1F966A7F00BA32D9 /* Project object */;
}
